
Microsoft Visual Studio Solution File, Format Version 12.00
# Visual Studio 15
VisualStudioVersion = 15.0.27703.2047
MinimumVisualStudioVersion = 10.0.40219.1
Project("{FAE04EC0-301F-11D3-BF4B-00C04F79EFBC}") = "BlazorCosmosDBSPA.Server", "BlazorCosmosDBSPA.Server\BlazorCosmosDBSPA.Server.csproj", "{D346C657-0CDB-4CD7-9C07-C3431D0821FC}"
EndProject
Project("{FAE04EC0-301F-11D3-BF4B-00C04F79EFBC}") = "BlazorCosmosDBSPA.Client", "BlazorCosmosDBSPA.Client\BlazorCosmosDBSPA.Client.csproj", "{1D9E113B-DE73-4096-A6B0-F204D6CF6C71}"
EndProject
Project("{FAE04EC0-301F-11D3-BF4B-00C04F79EFBC}") = "BlazorCosmosDBSPA.Shared", "BlazorCosmosDBSPA.Shared\BlazorCosmosDBSPA.Shared.csproj", "{83923566-EB69-484E-9095-41A5D17F3D68}"
EndProject
Global
	GlobalSection(SolutionConfigurationPlatforms) = preSolution
		Debug|Any CPU = Debug|Any CPU
		Release|Any CPU = Release|Any CPU
	EndGlobalSection
	GlobalSection(ProjectConfigurationPlatforms) = postSolution
		{D346C657-0CDB-4CD7-9C07-C3431D0821FC}.Debug|Any CPU.ActiveCfg = Debug|Any CPU
		{D346C657-0CDB-4CD7-9C07-C3431D0821FC}.Debug|Any CPU.Build.0 = Debug|Any CPU
		{D346C657-0CDB-4CD7-9C07-C3431D0821FC}.Release|Any CPU.ActiveCfg = Release|Any CPU
		{D346C657-0CDB-4CD7-9C07-C3431D0821FC}.Release|Any CPU.Build.0 = Release|Any CPU
		{1D9E113B-DE73-4096-A6B0-F204D6CF6C71}.Debug|Any CPU.ActiveCfg = Debug|Any CPU
		{1D9E113B-DE73-4096-A6B0-F204D6CF6C71}.Debug|Any CPU.Build.0 = Debug|Any CPU
		{1D9E113B-DE73-4096-A6B0-F204D6CF6C71}.Release|Any CPU.ActiveCfg = Release|Any CPU
		{1D9E113B-DE73-4096-A6B0-F204D6CF6C71}.Release|Any CPU.Build.0 = Release|Any CPU
		{83923566-EB69-484E-9095-41A5D17F3D68}.Debug|Any CPU.ActiveCfg = Debug|Any CPU
		{83923566-EB69-484E-9095-41A5D17F3D68}.Debug|Any CPU.Build.0 = Debug|Any CPU
		{83923566-EB69-484E-9095-41A5D17F3D68}.Release|Any CPU.ActiveCfg = Release|Any CPU
		{83923566-EB69-484E-9095-41A5D17F3D68}.Release|Any CPU.Build.0 = Release|Any CPU
	EndGlobalSection
	GlobalSection(SolutionProperties) = preSolution
		HideSolutionNode = FALSE
	EndGlobalSection
	GlobalSection(ExtensibilityGlobals) = postSolution
		SolutionGuid = {B1DA1C17-BEC1-42A9-A6D3-E13AE3340127}
	EndGlobalSection
EndGlobal
